
Microsoft Visual Studio Solution File, Format Version 12.00
Project("{FAE04EC0-301F-11D3-BF4B-00C04F79EFBC}") = "Programa05ExercicioFuncoes", "Programa05ExercicioFuncoes.csproj", "{2D12543E-3826-4436-961A-833D9415BB68}"
EndProject
Global
	GlobalSection(SolutionConfigurationPlatforms) = preSolution
		Debug|Any CPU = Debug|Any CPU
		Release|Any CPU = Release|Any CPU
	EndGlobalSection
	GlobalSection(ProjectConfigurationPlatforms) = postSolution
		{2D12543E-3826-4436-961A-833D9415BB68}.Debug|Any CPU.ActiveCfg = Debug|Any CPU
		{2D12543E-3826-4436-961A-833D9415BB68}.Debug|Any CPU.Build.0 = Debug|Any CPU
		{2D12543E-3826-4436-961A-833D9415BB68}.Release|Any CPU.ActiveCfg = Release|Any CPU
		{2D12543E-3826-4436-961A-833D9415BB68}.Release|Any CPU.Build.0 = Release|Any CPU
	EndGlobalSection
EndGlobal
